
Microsoft Visual Studio Solution File, Format Version 12.00
# Visual Studio Version 17
VisualStudioVersion = 17.14.36705.20 d17.14
MinimumVisualStudioVersion = 10.0.40219.1
Project("{FAE04EC0-301F-11D3-BF4B-00C04F79EFBC}") = "ProPlan.Entities", "ProPlan.Entities\ProPlan.Entities.csproj", "{C3B775A8-EE11-4294-B215-761BE067814D}"
EndProject
Project("{FAE04EC0-301F-11D3-BF4B-00C04F79EFBC}") = "ProPlan.Repositories", "ProPlan.Repositories\ProPlan.Repositories.csproj", "{611581E4-587C-4599-B3BB-7389FBA4F496}"
EndProject
Project("{FAE04EC0-301F-11D3-BF4B-00C04F79EFBC}") = "ProPlan.Presentation", "ProPlan.Presentation\ProPlan.Presentation.csproj", "{6838CE2D-FBD4-47FD-AAF0-38B1E487585A}"
EndProject
Project("{FAE04EC0-301F-11D3-BF4B-00C04F79EFBC}") = "ProPlan.Services", "ProPlan.Services\ProPlan.Services.csproj", "{BEF66AFE-DDC2-4AF3-A1B3-99BDBA8076AA}"
EndProject
Project("{FAE04EC0-301F-11D3-BF4B-00C04F79EFBC}") = "ProPlan.WebApi", "ProPlan.WebApi\ProPlan.WebApi.csproj", "{A9247E1B-939F-4DE3-A1AA-56815C557558}"
EndProject
Global
	GlobalSection(SolutionConfigurationPlatforms) = preSolution
		Debug|Any CPU = Debug|Any CPU
		Release|Any CPU = Release|Any CPU
	EndGlobalSection
	GlobalSection(ProjectConfigurationPlatforms) = postSolution
		{C3B775A8-EE11-4294-B215-761BE067814D}.Debug|Any CPU.ActiveCfg = Debug|Any CPU
		{C3B775A8-EE11-4294-B215-761BE067814D}.Debug|Any CPU.Build.0 = Debug|Any CPU
		{C3B775A8-EE11-4294-B215-761BE067814D}.Release|Any CPU.ActiveCfg = Release|Any CPU
		{C3B775A8-EE11-4294-B215-761BE067814D}.Release|Any CPU.Build.0 = Release|Any CPU
		{611581E4-587C-4599-B3BB-7389FBA4F496}.Debug|Any CPU.ActiveCfg = Debug|Any CPU
		{611581E4-587C-4599-B3BB-7389FBA4F496}.Debug|Any CPU.Build.0 = Debug|Any CPU
		{611581E4-587C-4599-B3BB-7389FBA4F496}.Release|Any CPU.ActiveCfg = Release|Any CPU
		{611581E4-587C-4599-B3BB-7389FBA4F496}.Release|Any CPU.Build.0 = Release|Any CPU
		{6838CE2D-FBD4-47FD-AAF0-38B1E487585A}.Debug|Any CPU.ActiveCfg = Debug|Any CPU
		{6838CE2D-FBD4-47FD-AAF0-38B1E487585A}.Debug|Any CPU.Build.0 = Debug|Any CPU
		{6838CE2D-FBD4-47FD-AAF0-38B1E487585A}.Release|Any CPU.ActiveCfg = Release|Any CPU
		{6838CE2D-FBD4-47FD-AAF0-38B1E487585A}.Release|Any CPU.Build.0 = Release|Any CPU
		{BEF66AFE-DDC2-4AF3-A1B3-99BDBA8076AA}.Debug|Any CPU.ActiveCfg = Debug|Any CPU
		{BEF66AFE-DDC2-4AF3-A1B3-99BDBA8076AA}.Debug|Any CPU.Build.0 = Debug|Any CPU
		{BEF66AFE-DDC2-4AF3-A1B3-99BDBA8076AA}.Release|Any CPU.ActiveCfg = Release|Any CPU
		{BEF66AFE-DDC2-4AF3-A1B3-99BDBA8076AA}.Release|Any CPU.Build.0 = Release|Any CPU
		{A9247E1B-939F-4DE3-A1AA-56815C557558}.Debug|Any CPU.ActiveCfg = Debug|Any CPU
		{A9247E1B-939F-4DE3-A1AA-56815C557558}.Debug|Any CPU.Build.0 = Debug|Any CPU
		{A9247E1B-939F-4DE3-A1AA-56815C557558}.Release|Any CPU.ActiveCfg = Release|Any CPU
		{A9247E1B-939F-4DE3-A1AA-56815C557558}.Release|Any CPU.Build.0 = Release|Any CPU
	EndGlobalSection
	GlobalSection(SolutionProperties) = preSolution
		HideSolutionNode = FALSE
	EndGlobalSection
	GlobalSection(ExtensibilityGlobals) = postSolution
		SolutionGuid = {654241A2-21BE-4BCD-89E9-33F79F0B9C75}
	EndGlobalSection
EndGlobal
